// !$*UTF8*$!
{
	archiveVersion = 1;
	classes = {
	};
	objectVersion = 50;
	objects = {

/* Begin PBXBuildFile section */
		1403519A21898582006E9C9B /* AppDelegate.swift in Sources */ = {isa = PBXBuildFile; fileRef = 1403519921898582006E9C9B /* AppDelegate.swift */; };
		1403519C21898582006E9C9B /* ViewController.swift in Sources */ = {isa = PBXBuildFile; fileRef = 1403519B21898582006E9C9B /* ViewController.swift */; };
		1403519F21898582006E9C9B /* Main.storyboard in Resources */ = {isa = PBXBuildFile; fileRef = 1403519D21898582006E9C9B /* Main.storyboard */; };
		140351A121898584006E9C9B /* Assets.xcassets in Resources */ = {isa = PBXBuildFile; fileRef = 140351A021898584006E9C9B /* Assets.xcassets */; };
		140351A421898584006E9C9B /* LaunchScreen.storyboard in Resources */ = {isa = PBXBuildFile; fileRef = 140351A221898584006E9C9B /* LaunchScreen.storyboard */; };
		140351AF21898584006E9C9B /* OpenCViOSTests.swift in Sources */ = {isa = PBXBuildFile; fileRef = 140351AE21898584006E9C9B /* OpenCViOSTests.swift */; };
		140351BA21898584006E9C9B /* OpenCViOSUITests.swift in Sources */ = {isa = PBXBuildFile; fileRef = 140351B921898584006E9C9B /* OpenCViOSUITests.swift */; };
		140351C921898636006E9C9B /* opencv2.framework in Frameworks */ = {isa = PBXBuildFile; fileRef = 140351C821898636006E9C9B /* opencv2.framework */; };
		140351CB21898657006E9C9B /* AssetsLibrary.framework in Frameworks */ = {isa = PBXBuildFile; fileRef = 140351CA21898657006E9C9B /* AssetsLibrary.framework */; };
		140351CD21898665006E9C9B /* CoreGraphics.framework in Frameworks */ = {isa = PBXBuildFile; fileRef = 140351CC21898665006E9C9B /* CoreGraphics.framework */; };
		140351CF21898672006E9C9B /* CoreFoundation.framework in Frameworks */ = {isa = PBXBuildFile; fileRef = 140351CE21898672006E9C9B /* CoreFoundation.framework */; };
		140351D121898679006E9C9B /* CoreMedia.framework in Frameworks */ = {isa = PBXBuildFile; fileRef = 140351D021898679006E9C9B /* CoreMedia.framework */; };
		140351D321898685006E9C9B /* Accelerate.framework in Frameworks */ = {isa = PBXBuildFile; fileRef = 140351D221898685006E9C9B /* Accelerate.framework */; };
		140351D721898785006E9C9B /* OpenCVWrapper.mm in Sources */ = {isa = PBXBuildFile; fileRef = 140351D621898785006E9C9B /* OpenCVWrapper.mm */; };
/* End PBXBuildFile section */

/* Begin PBXContainerItemProxy section */
		140351AB21898584006E9C9B /* PBXContainerItemProxy */ = {
			isa = PBXContainerItemProxy;
			containerPortal = 1403518E21898582006E9C9B /* Project object */;
			proxyType = 1;
			remoteGlobalIDString = 1403519521898582006E9C9B;
			remoteInfo = OpenCViOS;
		};
		140351B621898584006E9C9B /* PBXContainerItemProxy */ = {
			isa = PBXContainerItemProxy;
			containerPortal = 1403518E21898582006E9C9B /* Project object */;
			proxyType = 1;
			remoteGlobalIDString = 1403519521898582006E9C9B;
			remoteInfo = OpenCViOS;
		};
/* End PBXContainerItemProxy section */

/* Begin PBXFileReference section */
		1403519621898582006E9C9B /* OpenCViOS.app */ = {isa = PBXFileReference; explicitFileType = wrapper.application; includeInIndex = 0; path = OpenCViOS.app; sourceTree = BUILT_PRODUCTS_DIR; };
		1403519921898582006E9C9B /* AppDelegate.swift */ = {isa = PBXFileReference; lastKnownFileType = sourcecode.swift; path = AppDelegate.swift; sourceTree = "<group>"; };
		1403519B21898582006E9C9B /* ViewController.swift */ = {isa = PBXFileReference; lastKnownFileType = sourcecode.swift; path = ViewController.swift; sourceTree = "<group>"; };
		1403519E21898582006E9C9B /* Base */ = {isa = PBXFileReference; lastKnownFileType = file.storyboard; name = Base; path = Base.lproj/Main.storyboard; sourceTree = "<group>"; };
		140351A021898584006E9C9B /* Assets.xcassets */ = {isa = PBXFileReference; lastKnownFileType = folder.assetcatalog; path = Assets.xcassets; sourceTree = "<group>"; };
		140351A321898584006E9C9B /* Base */ = {isa = PBXFileReference; lastKnownFileType = file.storyboard; name = Base; path = Base.lproj/LaunchScreen.storyboard; sourceTree = "<group>"; };
		140351A521898584006E9C9B /* Info.plist */ = {isa = PBXFileReference; lastKnownFileType = text.plist.xml; path = Info.plist; sourceTree = "<group>"; };
		140351AA21898584006E9C9B /* OpenCViOSTests.xctest */ = {isa = PBXFileReference; explicitFileType = wrapper.cfbundle; includeInIndex = 0; path = OpenCViOSTests.xctest; sourceTree = BUILT_PRODUCTS_DIR; };
		140351AE21898584006E9C9B /* OpenCViOSTests.swift */ = {isa = PBXFileReference; lastKnownFileType = sourcecode.swift; path = OpenCViOSTests.swift; sourceTree = "<group>"; };
		140351B021898584006E9C9B /* Info.plist */ = {isa = PBXFileReference; lastKnownFileType = text.plist.xml; path = Info.plist; sourceTree = "<group>"; };
		140351B521898584006E9C9B /* OpenCViOSUITests.xctest */ = {isa = PBXFileReference; explicitFileType = wrapper.cfbundle; includeInIndex = 0; path = OpenCViOSUITests.xctest; sourceTree = BUILT_PRODUCTS_DIR; };
		140351B921898584006E9C9B /* OpenCViOSUITests.swift */ = {isa = PBXFileReference; lastKnownFileType = sourcecode.swift; path = OpenCViOSUITests.swift; sourceTree = "<group>"; };
		140351BB21898584006E9C9B /* Info.plist */ = {isa = PBXFileReference; lastKnownFileType = text.plist.xml; path = Info.plist; sourceTree = "<group>"; };
		140351C821898636006E9C9B /* opencv2.framework */ = {isa = PBXFileReference; lastKnownFileType = wrapper.framework; name = opencv2.framework; path = OpenCViOS/opencv/opencv2.framework; sourceTree = "<group>"; };
		140351CA21898657006E9C9B /* AssetsLibrary.framework */ = {isa = PBXFileReference; lastKnownFileType = wrapper.framework; name = AssetsLibrary.framework; path = System/Library/Frameworks/AssetsLibrary.framework; sourceTree = SDKROOT; };
		140351CC21898665006E9C9B /* CoreGraphics.framework */ = {isa = PBXFileReference; lastKnownFileType = wrapper.framework; name = CoreGraphics.framework; path = System/Library/Frameworks/CoreGraphics.framework; sourceTree = SDKROOT; };
		140351CE21898672006E9C9B /* CoreFoundation.framework */ = {isa = PBXFileReference; lastKnownFileType = wrapper.framework; name = CoreFoundation.framework; path = System/Library/Frameworks/CoreFoundation.framework; sourceTree = SDKROOT; };
		140351D021898679006E9C9B /* CoreMedia.framework */ = {isa = PBXFileReference; lastKnownFileType = wrapper.framework; name = CoreMedia.framework; path = System/Library/Frameworks/CoreMedia.framework; sourceTree = SDKROOT; };
		140351D221898685006E9C9B /* Accelerate.framework */ = {isa = PBXFileReference; lastKnownFileType = wrapper.framework; name = Accelerate.framework; path = System/Library/Frameworks/Accelerate.framework; sourceTree = SDKROOT; };
		140351D421898785006E9C9B /* OpenCViOS-Bridging-Header.h */ = {isa = PBXFileReference; lastKnownFileType = sourcecode.c.h; path = "OpenCViOS-Bridging-Header.h"; sourceTree = "<group>"; };
		140351D521898785006E9C9B /* OpenCVWrapper.h */ = {isa = PBXFileReference; lastKnownFileType = sourcecode.c.h; name = OpenCVWrapper.h; path = OpenCViOS/OpenCVWrapper.h; sourceTree = "<group>"; };
		140351D621898785006E9C9B /* OpenCVWrapper.mm */ = {isa = PBXFileReference; lastKnownFileType = sourcecode.cpp.objcpp; name = OpenCVWrapper.mm; path = OpenCViOS/OpenCVWrapper.mm; sourceTree = "<group>"; };
		14051E2D21898A8A00F1A21D /* PrefixHeader.pch */ = {isa = PBXFileReference; lastKnownFileType = sourcecode.c.h; name = PrefixHeader.pch; path = OpenCViOS/PrefixHeader.pch; sourceTree = "<group>"; };
/* End PBXFileReference section */

/* Begin PBXFrameworksBuildPhase section */
		1403519321898582006E9C9B /* Frameworks */ = {
			isa = PBXFrameworksBuildPhase;
			buildActionMask = 2147483647;
			files = (
				140351D321898685006E9C9B /* Accelerate.framework in Frameworks */,
				140351D121898679006E9C9B /* CoreMedia.framework in Frameworks */,
				140351CF21898672006E9C9B /* CoreFoundation.framework in Frameworks */,
				140351CD21898665006E9C9B /* CoreGraphics.framework in Frameworks */,
				140351CB21898657006E9C9B /* AssetsLibrary.framework in Frameworks */,
				140351C921898636006E9C9B /* opencv2.framework in Frameworks */,
			);
			runOnlyForDeploymentPostprocessing = 0;
		};
		140351A721898584006E9C9B /* Frameworks */ = {
			isa = PBXFrameworksBuildPhase;
			buildActionMask = 2147483647;
			files = (
			);
			runOnlyForDeploymentPostprocessing = 0;
		};
		140351B221898584006E9C9B /* Frameworks */ = {
			isa = PBXFrameworksBuildPhase;
			buildActionMask = 2147483647;
			files = (
			);
			runOnlyForDeploymentPostprocessing = 0;
		};
/* End PBXFrameworksBuildPhase section */

/* Begin PBXGroup section */
		1403518D21898582006E9C9B = {
			isa = PBXGroup;
			children = (
				140351D521898785006E9C9B /* OpenCVWrapper.h */,
				140351D621898785006E9C9B /* OpenCVWrapper.mm */,
				14051E2D21898A8A00F1A21D /* PrefixHeader.pch */,
				140351D421898785006E9C9B /* OpenCViOS-Bridging-Header.h */,
				1403519821898582006E9C9B /* OpenCViOS */,
				140351AD21898584006E9C9B /* OpenCViOSTests */,
				140351B821898584006E9C9B /* OpenCViOSUITests */,
				1403519721898582006E9C9B /* Products */,
				140351C721898635006E9C9B /* Frameworks */,
			);
			sourceTree = "<group>";
		};
		1403519721898582006E9C9B /* Products */ = {
			isa = PBXGroup;
			children = (
				1403519621898582006E9C9B /* OpenCViOS.app */,
				140351AA21898584006E9C9B /* OpenCViOSTests.xctest */,
				140351B521898584006E9C9B /* OpenCViOSUITests.xctest */,
			);
			name = Products;
			sourceTree = "<group>";
		};
		1403519821898582006E9C9B /* OpenCViOS */ = {
			isa = PBXGroup;
			children = (
				1403519921898582006E9C9B /* AppDelegate.swift */,
				1403519B21898582006E9C9B /* ViewController.swift */,
				1403519D21898582006E9C9B /* Main.storyboard */,
				140351A021898584006E9C9B /* Assets.xcassets */,
				140351A221898584006E9C9B /* LaunchScreen.storyboard */,
				140351A521898584006E9C9B /* Info.plist */,
			);
			path = OpenCViOS;
			sourceTree = "<group>";
		};
		140351AD21898584006E9C9B /* OpenCViOSTests */ = {
			isa = PBXGroup;
			children = (
				140351AE21898584006E9C9B /* OpenCViOSTests.swift */,
				140351B021898584006E9C9B /* Info.plist */,
			);
			path = OpenCViOSTests;
			sourceTree = "<group>";
		};
		140351B821898584006E9C9B /* OpenCViOSUITests */ = {
			isa = PBXGroup;
			children = (
				140351B921898584006E9C9B /* OpenCViOSUITests.swift */,
				140351BB21898584006E9C9B /* Info.plist */,
			);
			path = OpenCViOSUITests;
			sourceTree = "<group>";
		};
		140351C721898635006E9C9B /* Frameworks */ = {
			isa = PBXGroup;
			children = (
				140351D221898685006E9C9B /* Accelerate.framework */,
				140351D021898679006E9C9B /* CoreMedia.framework */,
				140351CE21898672006E9C9B /* CoreFoundation.framework */,
				140351CC21898665006E9C9B /* CoreGraphics.framework */,
				140351CA21898657006E9C9B /* AssetsLibrary.framework */,
				140351C821898636006E9C9B /* opencv2.framework */,
			);
			name = Frameworks;
			sourceTree = "<group>";
		};
/* End PBXGroup section */

/* Begin PBXNativeTarget section */
		1403519521898582006E9C9B /* OpenCViOS */ = {
			isa = PBXNativeTarget;
			buildConfigurationList = 140351BE21898584006E9C9B /* Build configuration list for PBXNativeTarget "OpenCViOS" */;
			buildPhases = (
				1403519221898582006E9C9B /* Sources */,
				1403519321898582006E9C9B /* Frameworks */,
				1403519421898582006E9C9B /* Resources */,
			);
			buildRules = (
			);
			dependencies = (
			);
			name = OpenCViOS;
			productName = OpenCViOS;
			productReference = 1403519621898582006E9C9B /* OpenCViOS.app */;
			productType = "com.apple.product-type.application";
		};
		140351A921898584006E9C9B /* OpenCViOSTests */ = {
			isa = PBXNativeTarget;
			buildConfigurationList = 140351C121898584006E9C9B /* Build configuration list for PBXNativeTarget "OpenCViOSTests" */;
			buildPhases = (
				140351A621898584006E9C9B /* Sources */,
				140351A721898584006E9C9B /* Frameworks */,
				140351A821898584006E9C9B /* Resources */,
			);
			buildRules = (
			);
			dependencies = (
				140351AC21898584006E9C9B /* PBXTargetDependency */,
			);
			name = OpenCViOSTests;
			productName = OpenCViOSTests;
			productReference = 140351AA21898584006E9C9B /* OpenCViOSTests.xctest */;
			productType = "com.apple.product-type.bundle.unit-test";
		};
		140351B421898584006E9C9B /* OpenCViOSUITests */ = {
			isa = PBXNativeTarget;
			buildConfigurationList = 140351C421898584006E9C9B /* Build configuration list for PBXNativeTarget "OpenCViOSUITests" */;
			buildPhases = (
				140351B121898584006E9C9B /* Sources */,
				140351B221898584006E9C9B /* Frameworks */,
				140351B321898584006E9C9B /* Resources */,
			);
			buildRules = (
			);
			dependencies = (
				140351B721898584006E9C9B /* PBXTargetDependency */,
			);
			name = OpenCViOSUITests;
			productName = OpenCViOSUITests;
			productReference = 140351B521898584006E9C9B /* OpenCViOSUITests.xctest */;
			productType = "com.apple.product-type.bundle.ui-testing";
		};
/* End PBXNativeTarget section */

/* Begin PBXProject section */
		1403518E21898582006E9C9B /* Project object */ = {
			isa = PBXProject;
			attributes = {
				LastSwiftUpdateCheck = 0940;
				LastUpgradeCheck = 0940;
				ORGANIZATIONNAME = "Quan Yuan";
				TargetAttributes = {
					1403519521898582006E9C9B = {
						CreatedOnToolsVersion = 9.4.1;
						LastSwiftMigration = 0940;
					};
					140351A921898584006E9C9B = {
						CreatedOnToolsVersion = 9.4.1;
						TestTargetID = 1403519521898582006E9C9B;
					};
					140351B421898584006E9C9B = {
						CreatedOnToolsVersion = 9.4.1;
						TestTargetID = 1403519521898582006E9C9B;
					};
				};
			};
			buildConfigurationList = 1403519121898582006E9C9B /* Build configuration list for PBXProject "OpenCViOS" */;
			compatibilityVersion = "Xcode 9.3";
			developmentRegion = en;
			hasScannedForEncodings = 0;
			knownRegions = (
				en,
				Base,
			);
			mainGroup = 1403518D21898582006E9C9B;
			productRefGroup = 1403519721898582006E9C9B /* Products */;
			projectDirPath = "";
			projectRoot = "";
			targets = (
				1403519521898582006E9C9B /* OpenCViOS */,
				140351A921898584006E9C9B /* OpenCViOSTests */,
				140351B421898584006E9C9B /* OpenCViOSUITests */,
			);
		};
/* End PBXProject section */

/* Begin PBXResourcesBuildPhase section */
		1403519421898582006E9C9B /* Resources */ = {
			isa = PBXResourcesBuildPhase;
			buildActionMask = 2147483647;
			files = (
				140351A421898584006E9C9B /* LaunchScreen.storyboard in Resources */,
				140351A121898584006E9C9B /* Assets.xcassets in Resources */,
				1403519F21898582006E9C9B /* Main.storyboard in Resources */,
			);
			runOnlyForDeploymentPostprocessing = 0;
		};
		140351A821898584006E9C9B /* Resources */ = {
			isa = PBXResourcesBuildPhase;
			buildActionMask = 2147483647;
			files = (
			);
			runOnlyForDeploymentPostprocessing = 0;
		};
		140351B321898584006E9C9B /* Resources */ = {
			isa = PBXResourcesBuildPhase;
			buildActionMask = 2147483647;
			files = (
			);
			runOnlyForDeploymentPostprocessing = 0;
		};
/* End PBXResourcesBuildPhase section */

/* Begin PBXSourcesBuildPhase section */
		1403519221898582006E9C9B /* Sources */ = {
			isa = PBXSourcesBuildPhase;
			buildActionMask = 2147483647;
			files = (
				1403519C21898582006E9C9B /* ViewController.swift in Sources */,
				1403519A21898582006E9C9B /* AppDelegate.swift in Sources */,
				140351D721898785006E9C9B /* OpenCVWrapper.mm in Sources */,
			);
			runOnlyForDeploymentPostprocessing = 0;
		};
		140351A621898584006E9C9B /* Sources */ = {
			isa = PBXSourcesBuildPhase;
			buildActionMask = 2147483647;
			files = (
				140351AF21898584006E9C9B /* OpenCViOSTests.swift in Sources */,
			);
			runOnlyForDeploymentPostprocessing = 0;
		};
		140351B121898584006E9C9B /* Sources */ = {
			isa = PBXSourcesBuildPhase;
			buildActionMask = 2147483647;
			files = (
				140351BA21898584006E9C9B /* OpenCViOSUITests.swift in Sources */,
			);
			runOnlyForDeploymentPostprocessing = 0;
		};
/* End PBXSourcesBuildPhase section */

/* Begin PBXTargetDependency section */
		140351AC21898584006E9C9B /* PBXTargetDependency */ = {
			isa = PBXTargetDependency;
			target = 1403519521898582006E9C9B /* OpenCViOS */;
			targetProxy = 140351AB21898584006E9C9B /* PBXContainerItemProxy */;
		};
		140351B721898584006E9C9B /* PBXTargetDependency */ = {
			isa = PBXTargetDependency;
			target = 1403519521898582006E9C9B /* OpenCViOS */;
			targetProxy = 140351B621898584006E9C9B /* PBXContainerItemProxy */;
		};
/* End PBXTargetDependency section */

/* Begin PBXVariantGroup section */
		1403519D21898582006E9C9B /* Main.storyboard */ = {
			isa = PBXVariantGroup;
			children = (
				1403519E21898582006E9C9B /* Base */,
			);
			name = Main.storyboard;
			sourceTree = "<group>";
		};
		140351A221898584006E9C9B /* LaunchScreen.storyboard */ = {
			isa = PBXVariantGroup;
			children = (
				140351A321898584006E9C9B /* Base */,
			);
			name = LaunchScreen.storyboard;
			sourceTree = "<group>";
		};
/* End PBXVariantGroup section */

/* Begin XCBuildConfiguration section */
		140351BC21898584006E9C9B /* Debug */ = {
			isa = XCBuildConfiguration;
			buildSettings = {
				ALWAYS_SEARCH_USER_PATHS = NO;
				CLANG_ANALYZER_NONNULL = YES;
				CLANG_ANALYZER_NUMBER_OBJECT_CONVERSION = YES_AGGRESSIVE;
				CLANG_CXX_LANGUAGE_STANDARD = "gnu++14";
				CLANG_CXX_LIBRARY = "libc++";
				CLANG_ENABLE_MODULES = YES;
				CLANG_ENABLE_OBJC_ARC = YES;
				CLANG_ENABLE_OBJC_WEAK = YES;
				CLANG_WARN_BLOCK_CAPTURE_AUTORELEASING = YES;
				CLANG_WARN_BOOL_CONVERSION = YES;
				CLANG_WARN_COMMA = YES;
				CLANG_WARN_CONSTANT_CONVERSION = YES;
				CLANG_WARN_DEPRECATED_OBJC_IMPLEMENTATIONS = YES;
				CLANG_WARN_DIRECT_OBJC_ISA_USAGE = YES_ERROR;
				CLANG_WARN_DOCUMENTATION_COMMENTS = YES;
				CLANG_WARN_EMPTY_BODY = YES;
				CLANG_WARN_ENUM_CONVERSION = YES;
				CLANG_WARN_INFINITE_RECURSION = YES;
				CLANG_WARN_INT_CONVERSION = YES;
				CLANG_WARN_NON_LITERAL_NULL_CONVERSION = YES;
				CLANG_WARN_OBJC_IMPLICIT_RETAIN_SELF = YES;
				CLANG_WARN_OBJC_LITERAL_CONVERSION = YES;
				CLANG_WARN_OBJC_ROOT_CLASS = YES_ERROR;
				CLANG_WARN_RANGE_LOOP_ANALYSIS = YES;
				CLANG_WARN_STRICT_PROTOTYPES = YES;
				CLANG_WARN_SUSPICIOUS_MOVE = YES;
				CLANG_WARN_UNGUARDED_AVAILABILITY = YES_AGGRESSIVE;
				CLANG_WARN_UNREACHABLE_CODE = YES;
				CLANG_WARN__DUPLICATE_METHOD_MATCH = YES;
				CODE_SIGN_IDENTITY = "iPhone Developer";
				COPY_PHASE_STRIP = NO;
				DEBUG_INFORMATION_FORMAT = dwarf;
				ENABLE_STRICT_OBJC_MSGSEND = YES;
				ENABLE_TESTABILITY = YES;
				GCC_C_LANGUAGE_STANDARD = gnu11;
				GCC_DYNAMIC_NO_PIC = NO;
				GCC_NO_COMMON_BLOCKS = YES;
				GCC_OPTIMIZATION_LEVEL = 0;
				GCC_PREPROCESSOR_DEFINITIONS = (
					"DEBUG=1",
					"$(inherited)",
				);
				GCC_WARN_64_TO_32_BIT_CONVERSION = YES;
				GCC_WARN_ABOUT_RETURN_TYPE = YES_ERROR;
				GCC_WARN_UNDECLARED_SELECTOR = YES;
				GCC_WARN_UNINITIALIZED_AUTOS = YES_AGGRESSIVE;
				GCC_WARN_UNUSED_FUNCTION = YES;
				GCC_WARN_UNUSED_VARIABLE = YES;
				IPHONEOS_DEPLOYMENT_TARGET = 11.4;
				MTL_ENABLE_DEBUG_INFO = YES;
				ONLY_ACTIVE_ARCH = YES;
				SDKROOT = iphoneos;
				SWIFT_ACTIVE_COMPILATION_CONDITIONS = DEBUG;
				SWIFT_OPTIMIZATION_LEVEL = "-Onone";
			};
			name = Debug;
		};
		140351BD21898584006E9C9B /* Release */ = {
			isa = XCBuildConfiguration;
			buildSettings = {
				ALWAYS_SEARCH_USER_PATHS = NO;
				CLANG_ANALYZER_NONNULL = YES;
				CLANG_ANALYZER_NUMBER_OBJECT_CONVERSION = YES_AGGRESSIVE;
				CLANG_CXX_LANGUAGE_STANDARD = "gnu++14";
				CLANG_CXX_LIBRARY = "libc++";
				CLANG_ENABLE_MODULES = YES;
				CLANG_ENABLE_OBJC_ARC = YES;
				CLANG_ENABLE_OBJC_WEAK = YES;
				CLANG_WARN_BLOCK_CAPTURE_AUTORELEASING = YES;
				CLANG_WARN_BOOL_CONVERSION = YES;
				CLANG_WARN_COMMA = YES;
				CLANG_WARN_CONSTANT_CONVERSION = YES;
				CLANG_WARN_DEPRECATED_OBJC_IMPLEMENTATIONS = YES;
				CLANG_WARN_DIRECT_OBJC_ISA_USAGE = YES_ERROR;
				CLANG_WARN_DOCUMENTATION_COMMENTS = YES;
				CLANG_WARN_EMPTY_BODY = YES;
				CLANG_WARN_ENUM_CONVERSION = YES;
				CLANG_WARN_INFINITE_RECURSION = YES;
				CLANG_WARN_INT_CONVERSION = YES;
				CLANG_WARN_NON_LITERAL_NULL_CONVERSION = YES;
				CLANG_WARN_OBJC_IMPLICIT_RETAIN_SELF = YES;
				CLANG_WARN_OBJC_LITERAL_CONVERSION = YES;
				CLANG_WARN_OBJC_ROOT_CLASS = YES_ERROR;
				CLANG_WARN_RANGE_LOOP_ANALYSIS = YES;
				CLANG_WARN_STRICT_PROTOTYPES = YES;
				CLANG_WARN_SUSPICIOUS_MOVE = YES;
				CLANG_WARN_UNGUARDED_AVAILABILITY = YES_AGGRESSIVE;
				CLANG_WARN_UNREACHABLE_CODE = YES;
				CLANG_WARN__DUPLICATE_METHOD_MATCH = YES;
				CODE_SIGN_IDENTITY = "iPhone Developer";
				COPY_PHASE_STRIP = NO;
				DEBUG_INFORMATION_FORMAT = "dwarf-with-dsym";
				ENABLE_NS_ASSERTIONS = NO;
				ENABLE_STRICT_OBJC_MSGSEND = YES;
				GCC_C_LANGUAGE_STANDARD = gnu11;
				GCC_NO_COMMON_BLOCKS = YES;
				GCC_WARN_64_TO_32_BIT_CONVERSION = YES;
				GCC_WARN_ABOUT_RETURN_TYPE = YES_ERROR;
				GCC_WARN_UNDECLARED_SELECTOR = YES;
				GCC_WARN_UNINITIALIZED_AUTOS = YES_AGGRESSIVE;
				GCC_WARN_UNUSED_FUNCTION = YES;
				GCC_WARN_UNUSED_VARIABLE = YES;
				IPHONEOS_DEPLOYMENT_TARGET = 11.4;
				MTL_ENABLE_DEBUG_INFO = NO;
				SDKROOT = iphoneos;
				SWIFT_COMPILATION_MODE = wholemodule;
				SWIFT_OPTIMIZATION_LEVEL = "-O";
				VALIDATE_PRODUCT = YES;
			};
			name = Release;
		};
		140351BF21898584006E9C9B /* Debug */ = {
			isa = XCBuildConfiguration;
			buildSettings = {
				ASSETCATALOG_COMPILER_APPICON_NAME = AppIcon;
				CLANG_ENABLE_MODULES = YES;
				CODE_SIGN_STYLE = Automatic;
				DEVELOPMENT_TEAM = FK93RDXJWD;
				FRAMEWORK_SEARCH_PATHS = (
					"$(inherited)",
					"$(PROJECT_DIR)/OpenCViOS/opencv",
				);
				GCC_PREFIX_HEADER = "$(SRCROOT)/OpenCViOS/PrefixHeader.pch";
				INFOPLIST_FILE = OpenCViOS/Info.plist;
				IPHONEOS_DEPLOYMENT_TARGET = 10.3;
				LD_RUNPATH_SEARCH_PATHS = (
					"$(inherited)",
					"@executable_path/Frameworks",
				);
				PRODUCT_BUNDLE_IDENTIFIER = black.OpenCViOS;
				PRODUCT_NAME = "$(TARGET_NAME)";
				SWIFT_OBJC_BRIDGING_HEADER = "OpenCViOS-Bridging-Header.h";
				SWIFT_OPTIMIZATION_LEVEL = "-Onone";
				SWIFT_VERSION = 4.0;
				TARGETED_DEVICE_FAMILY = "1,2";
			};
			name = Debug;
		};
		140351C021898584006E9C9B /* Release */ = {
			isa = XCBuildConfiguration;
			buildSettings = {
				ASSETCATALOG_COMPILER_APPICON_NAME = AppIcon;
				CLANG_ENABLE_MODULES = YES;
				CODE_SIGN_STYLE = Automatic;
				DEVELOPMENT_TEAM = FK93RDXJWD;
				FRAMEWORK_SEARCH_PATHS = (
					"$(inherited)",
					"$(PROJECT_DIR)/OpenCViOS/opencv",
				);
				GCC_PREFIX_HEADER = "$(SRCROOT)/OpenCViOS/PrefixHeader.pch";
				INFOPLIST_FILE = OpenCViOS/Info.plist;
				IPHONEOS_DEPLOYMENT_TARGET = 10.3;
				LD_RUNPATH_SEARCH_PATHS = (
					"$(inherited)",
					"@executable_path/Frameworks",
				);
				PRODUCT_BUNDLE_IDENTIFIER = black.OpenCViOS;
				PRODUCT_NAME = "$(TARGET_NAME)";
				SWIFT_OBJC_BRIDGING_HEADER = "OpenCViOS-Bridging-Header.h";
				SWIFT_VERSION = 4.0;
				TARGETED_DEVICE_FAMILY = "1,2";
			};
			name = Release;
		};
		140351C221898584006E9C9B /* Debug */ = {
			isa = XCBuildConfiguration;
			buildSettings = {
				ALWAYS_EMBED_SWIFT_STANDARD_LIBRARIES = YES;
				BUNDLE_LOADER = "$(TEST_HOST)";
				CODE_SIGN_STYLE = Automatic;
				INFOPLIST_FILE = OpenCViOSTests/Info.plist;
				LD_RUNPATH_SEARCH_PATHS = (
					"$(inherited)",
					"@executable_path/Frameworks",
					"@loader_path/Frameworks",
				);
				PRODUCT_BUNDLE_IDENTIFIER = black.OpenCViOSTests;
				PRODUCT_NAME = "$(TARGET_NAME)";
				SWIFT_VERSION = 4.0;
				TARGETED_DEVICE_FAMILY = "1,2";
				TEST_HOST = "$(BUILT_PRODUCTS_DIR)/OpenCViOS.app/OpenCViOS";
			};
			name = Debug;
		};
		140351C321898584006E9C9B /* Release */ = {
			isa = XCBuildConfiguration;
			buildSettings = {
				ALWAYS_EMBED_SWIFT_STANDARD_LIBRARIES = YES;
				BUNDLE_LOADER = "$(TEST_HOST)";
				CODE_SIGN_STYLE = Automatic;
				INFOPLIST_FILE = OpenCViOSTests/Info.plist;
				LD_RUNPATH_SEARCH_PATHS = (
					"$(inherited)",
					"@executable_path/Frameworks",
					"@loader_path/Frameworks",
				);
				PRODUCT_BUNDLE_IDENTIFIER = black.OpenCViOSTests;
				PRODUCT_NAME = "$(TARGET_NAME)";
				SWIFT_VERSION = 4.0;
				TARGETED_DEVICE_FAMILY = "1,2";
				TEST_HOST = "$(BUILT_PRODUCTS_DIR)/OpenCViOS.app/OpenCViOS";
			};
			name = Release;
		};
		140351C521898584006E9C9B /* Debug */ = {
			isa = XCBuildConfiguration;
			buildSettings = {
				ALWAYS_EMBED_SWIFT_STANDARD_LIBRARIES = YES;
				CODE_SIGN_STYLE = Automatic;
				INFOPLIST_FILE = OpenCViOSUITests/Info.plist;
				LD_RUNPATH_SEARCH_PATHS = (
					"$(inherited)",
					"@executable_path/Frameworks",
					"@loader_path/Frameworks",
				);
				PRODUCT_BUNDLE_IDENTIFIER = black.OpenCViOSUITests;
				PRODUCT_NAME = "$(TARGET_NAME)";
				SWIFT_VERSION = 4.0;
				TARGETED_DEVICE_FAMILY = "1,2";
				TEST_TARGET_NAME = OpenCViOS;
			};
			name = Debug;
		};
		140351C621898584006E9C9B /* Release */ = {
			isa = XCBuildConfiguration;
			buildSettings = {
				ALWAYS_EMBED_SWIFT_STANDARD_LIBRARIES = YES;
				CODE_SIGN_STYLE = Automatic;
				INFOPLIST_FILE = OpenCViOSUITests/Info.plist;
				LD_RUNPATH_SEARCH_PATHS = (
					"$(inherited)",
					"@executable_path/Frameworks",
					"@loader_path/Frameworks",
				);
				PRODUCT_BUNDLE_IDENTIFIER = black.OpenCViOSUITests;
				PRODUCT_NAME = "$(TARGET_NAME)";
				SWIFT_VERSION = 4.0;
				TARGETED_DEVICE_FAMILY = "1,2";
				TEST_TARGET_NAME = OpenCViOS;
			};
			name = Release;
		};
/* End XCBuildConfiguration section */

/* Begin XCConfigurationList section */
		1403519121898582006E9C9B /* Build configuration list for PBXProject "OpenCViOS" */ = {
			isa = XCConfigurationList;
			buildConfigurations = (
				140351BC21898584006E9C9B /* Debug */,
				140351BD21898584006E9C9B /* Release */,
			);
			defaultConfigurationIsVisible = 0;
			defaultConfigurationName = Release;
		};
		140351BE21898584006E9C9B /* Build configuration list for PBXNativeTarget "OpenCViOS" */ = {
			isa = XCConfigurationList;
			buildConfigurations = (
				140351BF21898584006E9C9B /* Debug */,
				140351C021898584006E9C9B /* Release */,
			);
			defaultConfigurationIsVisible = 0;
			defaultConfigurationName = Release;
		};
		140351C121898584006E9C9B /* Build configuration list for PBXNativeTarget "OpenCViOSTests" */ = {
			isa = XCConfigurationList;
			buildConfigurations = (
				140351C221898584006E9C9B /* Debug */,
				140351C321898584006E9C9B /* Release */,
			);
			defaultConfigurationIsVisible = 0;
			defaultConfigurationName = Release;
		};
		140351C421898584006E9C9B /* Build configuration list for PBXNativeTarget "OpenCViOSUITests" */ = {
			isa = XCConfigurationList;
			buildConfigurations = (
				140351C521898584006E9C9B /* Debug */,
				140351C621898584006E9C9B /* Release */,
			);
			defaultConfigurationIsVisible = 0;
			defaultConfigurationName = Release;
		};
/* End XCConfigurationList section */
	};
	rootObject = 1403518E21898582006E9C9B /* Project object */;
}
